// !$*UTF8*$!
{
	archiveVersion = 1;
	classes = {
	};
	objectVersion = 46;
	objects = {

/* Begin PBXBuildFile section */
		CC83E3241D06103F000573B1 /* AppDelegate.swift in Sources */ = {isa = PBXBuildFile; fileRef = CC83E3231D06103F000573B1 /* AppDelegate.swift */; };
		CC83E3291D06103F000573B1 /* Main.storyboard in Resources */ = {isa = PBXBuildFile; fileRef = CC83E3271D06103F000573B1 /* Main.storyboard */; };
		CC83E32B1D06103F000573B1 /* Assets.xcassets in Resources */ = {isa = PBXBuildFile; fileRef = CC83E32A1D06103F000573B1 /* Assets.xcassets */; };
		CC83E32E1D06103F000573B1 /* LaunchScreen.storyboard in Resources */ = {isa = PBXBuildFile; fileRef = CC83E32C1D06103F000573B1 /* LaunchScreen.storyboard */; };
		CC83E3361D061083000573B1 /* NetworkController.swift in Sources */ = {isa = PBXBuildFile; fileRef = CC83E3351D061083000573B1 /* NetworkController.swift */; };
		CC83E3381D061090000573B1 /* Post.swift in Sources */ = {isa = PBXBuildFile; fileRef = CC83E3371D061090000573B1 /* Post.swift */; };
		CC83E33A1D06109F000573B1 /* PostController.swift in Sources */ = {isa = PBXBuildFile; fileRef = CC83E3391D06109F000573B1 /* PostController.swift */; };
		CC83E33C1D0610DD000573B1 /* PostTableViewController.swift in Sources */ = {isa = PBXBuildFile; fileRef = CC83E33B1D0610DD000573B1 /* PostTableViewController.swift */; };
/* End PBXBuildFile section */

/* Begin PBXFileReference section */
		CC83E3201D06103F000573B1 /* PostAgain.app */ = {isa = PBXFileReference; explicitFileType = wrapper.application; includeInIndex = 0; path = PostAgain.app; sourceTree = BUILT_PRODUCTS_DIR; };
		CC83E3231D06103F000573B1 /* AppDelegate.swift */ = {isa = PBXFileReference; lastKnownFileType = sourcecode.swift; path = AppDelegate.swift; sourceTree = "<group>"; };
		CC83E3281D06103F000573B1 /* Base */ = {isa = PBXFileReference; lastKnownFileType = file.storyboard; name = Base; path = Base.lproj/Main.storyboard; sourceTree = "<group>"; };
		CC83E32A1D06103F000573B1 /* Assets.xcassets */ = {isa = PBXFileReference; lastKnownFileType = folder.assetcatalog; path = Assets.xcassets; sourceTree = "<group>"; };
		CC83E32D1D06103F000573B1 /* Base */ = {isa = PBXFileReference; lastKnownFileType = file.storyboard; name = Base; path = Base.lproj/LaunchScreen.storyboard; sourceTree = "<group>"; };
		CC83E32F1D06103F000573B1 /* Info.plist */ = {isa = PBXFileReference; lastKnownFileType = text.plist.xml; path = Info.plist; sourceTree = "<group>"; };
		CC83E3351D061083000573B1 /* NetworkController.swift */ = {isa = PBXFileReference; fileEncoding = 4; lastKnownFileType = sourcecode.swift; path = NetworkController.swift; sourceTree = "<group>"; };
		CC83E3371D061090000573B1 /* Post.swift */ = {isa = PBXFileReference; fileEncoding = 4; lastKnownFileType = sourcecode.swift; path = Post.swift; sourceTree = "<group>"; };
		CC83E3391D06109F000573B1 /* PostController.swift */ = {isa = PBXFileReference; fileEncoding = 4; lastKnownFileType = sourcecode.swift; path = PostController.swift; sourceTree = "<group>"; };
		CC83E33B1D0610DD000573B1 /* PostTableViewController.swift */ = {isa = PBXFileReference; fileEncoding = 4; lastKnownFileType = sourcecode.swift; path = PostTableViewController.swift; sourceTree = "<group>"; };
/* End PBXFileReference section */

/* Begin PBXFrameworksBuildPhase section */
		CC83E31D1D06103F000573B1 /* Frameworks */ = {
			isa = PBXFrameworksBuildPhase;
			buildActionMask = 2147483647;
			files = (
			);
			runOnlyForDeploymentPostprocessing = 0;
		};
/* End PBXFrameworksBuildPhase section */

/* Begin PBXGroup section */
		CC83E3171D06103F000573B1 = {
			isa = PBXGroup;
			children = (
				CC83E3221D06103F000573B1 /* PostAgain */,
				CC83E3211D06103F000573B1 /* Products */,
			);
			sourceTree = "<group>";
		};
		CC83E3211D06103F000573B1 /* Products */ = {
			isa = PBXGroup;
			children = (
				CC83E3201D06103F000573B1 /* PostAgain.app */,
			);
			name = Products;
			sourceTree = "<group>";
		};
		CC83E3221D06103F000573B1 /* PostAgain */ = {
			isa = PBXGroup;
			children = (
				CC83E3231D06103F000573B1 /* AppDelegate.swift */,
				CC83E3351D061083000573B1 /* NetworkController.swift */,
				CC83E33D1D0610EB000573B1 /* MODEL */,
				CC83E33E1D0610F3000573B1 /* MODEL CONTROLLER */,
				CC83E33F1D0610FD000573B1 /* VIEW CONTROLLER */,
				CC83E3271D06103F000573B1 /* Main.storyboard */,
				CC83E32A1D06103F000573B1 /* Assets.xcassets */,
				CC83E32C1D06103F000573B1 /* LaunchScreen.storyboard */,
				CC83E32F1D06103F000573B1 /* Info.plist */,
			);
			path = PostAgain;
			sourceTree = "<group>";
		};
		CC83E33D1D0610EB000573B1 /* MODEL */ = {
			isa = PBXGroup;
			children = (
				CC83E3371D061090000573B1 /* Post.swift */,
			);
			name = MODEL;
			sourceTree = "<group>";
		};
		CC83E33E1D0610F3000573B1 /* MODEL CONTROLLER */ = {
			isa = PBXGroup;
			children = (
				CC83E3391D06109F000573B1 /* PostController.swift */,
			);
			name = "MODEL CONTROLLER";
			sourceTree = "<group>";
		};
		CC83E33F1D0610FD000573B1 /* VIEW CONTROLLER */ = {
			isa = PBXGroup;
			children = (
				CC83E33B1D0610DD000573B1 /* PostTableViewController.swift */,
			);
			name = "VIEW CONTROLLER";
			sourceTree = "<group>";
		};
/* End PBXGroup section */

/* Begin PBXNativeTarget section */
		CC83E31F1D06103F000573B1 /* PostAgain */ = {
			isa = PBXNativeTarget;
			buildConfigurationList = CC83E3321D06103F000573B1 /* Build configuration list for PBXNativeTarget "PostAgain" */;
			buildPhases = (
				CC83E31C1D06103F000573B1 /* Sources */,
				CC83E31D1D06103F000573B1 /* Frameworks */,
				CC83E31E1D06103F000573B1 /* Resources */,
			);
			buildRules = (
			);
			dependencies = (
			);
			name = PostAgain;
			productName = PostAgain;
			productReference = CC83E3201D06103F000573B1 /* PostAgain.app */;
			productType = "com.apple.product-type.application";
		};
/* End PBXNativeTarget section */

/* Begin PBXProject section */
		CC83E3181D06103F000573B1 /* Project object */ = {
			isa = PBXProject;
			attributes = {
				LastSwiftUpdateCheck = 0730;
				LastUpgradeCheck = 0730;
				ORGANIZATIONNAME = "Eva Bresciano";
				TargetAttributes = {
					CC83E31F1D06103F000573B1 = {
						CreatedOnToolsVersion = 7.3;
						DevelopmentTeam = WP96JMRW5V;
					};
				};
			};
			buildConfigurationList = CC83E31B1D06103F000573B1 /* Build configuration list for PBXProject "PostAgain" */;
			compatibilityVersion = "Xcode 3.2";
			developmentRegion = English;
			hasScannedForEncodings = 0;
			knownRegions = (
				en,
				Base,
			);
			mainGroup = CC83E3171D06103F000573B1;
			productRefGroup = CC83E3211D06103F000573B1 /* Products */;
			projectDirPath = "";
			projectRoot = "";
			targets = (
				CC83E31F1D06103F000573B1 /* PostAgain */,
			);
		};
/* End PBXProject section */

/* Begin PBXResourcesBuildPhase section */
		CC83E31E1D06103F000573B1 /* Resources */ = {
			isa = PBXResourcesBuildPhase;
			buildActionMask = 2147483647;
			files = (
				CC83E32E1D06103F000573B1 /* LaunchScreen.storyboard in Resources */,
				CC83E32B1D06103F000573B1 /* Assets.xcassets in Resources */,
				CC83E3291D06103F000573B1 /* Main.storyboard in Resources */,
			);
			runOnlyForDeploymentPostprocessing = 0;
		};
/* End PBXResourcesBuildPhase section */

/* Begin PBXSourcesBuildPhase section */
		CC83E31C1D06103F000573B1 /* Sources */ = {
			isa = PBXSourcesBuildPhase;
			buildActionMask = 2147483647;
			files = (
				CC83E33C1D0610DD000573B1 /* PostTableViewController.swift in Sources */,
				CC83E3381D061090000573B1 /* Post.swift in Sources */,
				CC83E33A1D06109F000573B1 /* PostController.swift in Sources */,
				CC83E3361D061083000573B1 /* NetworkController.swift in Sources */,
				CC83E3241D06103F000573B1 /* AppDelegate.swift in Sources */,
			);
			runOnlyForDeploymentPostprocessing = 0;
		};
/* End PBXSourcesBuildPhase section */

/* Begin PBXVariantGroup section */
		CC83E3271D06103F000573B1 /* Main.storyboard */ = {
			isa = PBXVariantGroup;
			children = (
				CC83E3281D06103F000573B1 /* Base */,
			);
			name = Main.storyboard;
			sourceTree = "<group>";
		};
		CC83E32C1D06103F000573B1 /* LaunchScreen.storyboard */ = {
			isa = PBXVariantGroup;
			children = (
				CC83E32D1D06103F000573B1 /* Base */,
			);
			name = LaunchScreen.storyboard;
			sourceTree = "<group>";
		};
/* End PBXVariantGroup section */

/* Begin XCBuildConfiguration section */
		CC83E3301D06103F000573B1 /* Debug */ = {
			isa = XCBuildConfiguration;
			buildSettings = {
				ALWAYS_SEARCH_USER_PATHS = NO;
				CLANG_ANALYZER_NONNULL = YES;
				CLANG_CXX_LANGUAGE_STANDARD = "gnu++0x";
				CLANG_CXX_LIBRARY = "libc++";
				CLANG_ENABLE_MODULES = YES;
				CLANG_ENABLE_OBJC_ARC = YES;
				CLANG_WARN_BOOL_CONVERSION = YES;
				CLANG_WARN_CONSTANT_CONVERSION = YES;
				CLANG_WARN_DIRECT_OBJC_ISA_USAGE = YES_ERROR;
				CLANG_WARN_EMPTY_BODY = YES;
				CLANG_WARN_ENUM_CONVERSION = YES;
				CLANG_WARN_INT_CONVERSION = YES;
				CLANG_WARN_OBJC_ROOT_CLASS = YES_ERROR;
				CLANG_WARN_UNREACHABLE_CODE = YES;
				CLANG_WARN__DUPLICATE_METHOD_MATCH = YES;
				"CODE_SIGN_IDENTITY[sdk=iphoneos*]" = "iPhone Developer";
				COPY_PHASE_STRIP = NO;
				DEBUG_INFORMATION_FORMAT = dwarf;
				ENABLE_STRICT_OBJC_MSGSEND = YES;
				ENABLE_TESTABILITY = YES;
				GCC_C_LANGUAGE_STANDARD = gnu99;
				GCC_DYNAMIC_NO_PIC = NO;
				GCC_NO_COMMON_BLOCKS = YES;
				GCC_OPTIMIZATION_LEVEL = 0;
				GCC_PREPROCESSOR_DEFINITIONS = (
					"DEBUG=1",
					"$(inherited)",
				);
				GCC_WARN_64_TO_32_BIT_CONVERSION = YES;
				GCC_WARN_ABOUT_RETURN_TYPE = YES_ERROR;
				GCC_WARN_UNDECLARED_SELECTOR = YES;
				GCC_WARN_UNINITIALIZED_AUTOS = YES_AGGRESSIVE;
				GCC_WARN_UNUSED_FUNCTION = YES;
				GCC_WARN_UNUSED_VARIABLE = YES;
				IPHONEOS_DEPLOYMENT_TARGET = 9.3;
				MTL_ENABLE_DEBUG_INFO = YES;
				ONLY_ACTIVE_ARCH = YES;
				SDKROOT = iphoneos;
				SWIFT_OPTIMIZATION_LEVEL = "-Onone";
				TARGETED_DEVICE_FAMILY = "1,2";
			};
			name = Debug;
		};
		CC83E3311D06103F000573B1 /* Release */ = {
			isa = XCBuildConfiguration;
			buildSettings = {
				ALWAYS_SEARCH_USER_PATHS = NO;
				CLANG_ANALYZER_NONNULL = YES;
				CLANG_CXX_LANGUAGE_STANDARD = "gnu++0x";
				CLANG_CXX_LIBRARY = "libc++";
				CLANG_ENABLE_MODULES = YES;
				CLANG_ENABLE_OBJC_ARC = YES;
				CLANG_WARN_BOOL_CONVERSION = YES;
				CLANG_WARN_CONSTANT_CONVERSION = YES;
				CLANG_WARN_DIRECT_OBJC_ISA_USAGE = YES_ERROR;
				CLANG_WARN_EMPTY_BODY = YES;
				CLANG_WARN_ENUM_CONVERSION = YES;
				CLANG_WARN_INT_CONVERSION = YES;
				CLANG_WARN_OBJC_ROOT_CLASS = YES_ERROR;
				CLANG_WARN_UNREACHABLE_CODE = YES;
				CLANG_WARN__DUPLICATE_METHOD_MATCH = YES;
				"CODE_SIGN_IDENTITY[sdk=iphoneos*]" = "iPhone Developer";
				COPY_PHASE_STRIP = NO;
				DEBUG_INFORMATION_FORMAT = "dwarf-with-dsym";
				ENABLE_NS_ASSERTIONS = NO;
				ENABLE_STRICT_OBJC_MSGSEND = YES;
				GCC_C_LANGUAGE_STANDARD = gnu99;
				GCC_NO_COMMON_BLOCKS = YES;
				GCC_WARN_64_TO_32_BIT_CONVERSION = YES;
				GCC_WARN_ABOUT_RETURN_TYPE = YES_ERROR;
				GCC_WARN_UNDECLARED_SELECTOR = YES;
				GCC_WARN_UNINITIALIZED_AUTOS = YES_AGGRESSIVE;
				GCC_WARN_UNUSED_FUNCTION = YES;
				GCC_WARN_UNUSED_VARIABLE = YES;
				IPHONEOS_DEPLOYMENT_TARGET = 9.3;
				MTL_ENABLE_DEBUG_INFO = NO;
				SDKROOT = iphoneos;
				TARGETED_DEVICE_FAMILY = "1,2";
				VALIDATE_PRODUCT = YES;
			};
			name = Release;
		};
		CC83E3331D06103F000573B1 /* Debug */ = {
			isa = XCBuildConfiguration;
			buildSettings = {
				ASSETCATALOG_COMPILER_APPICON_NAME = AppIcon;
				INFOPLIST_FILE = PostAgain/Info.plist;
				LD_RUNPATH_SEARCH_PATHS = "$(inherited) @executable_path/Frameworks";
				PRODUCT_BUNDLE_IDENTIFIER = com.example..PostAgain;
				PRODUCT_NAME = "$(TARGET_NAME)";
			};
			name = Debug;
		};
		CC83E3341D06103F000573B1 /* Release */ = {
			isa = XCBuildConfiguration;
			buildSettings = {
				ASSETCATALOG_COMPILER_APPICON_NAME = AppIcon;
				INFOPLIST_FILE = PostAgain/Info.plist;
				LD_RUNPATH_SEARCH_PATHS = "$(inherited) @executable_path/Frameworks";
				PRODUCT_BUNDLE_IDENTIFIER = com.example..PostAgain;
				PRODUCT_NAME = "$(TARGET_NAME)";
			};
			name = Release;
		};
/* End XCBuildConfiguration section */

/* Begin XCConfigurationList section */
		CC83E31B1D06103F000573B1 /* Build configuration list for PBXProject "PostAgain" */ = {
			isa = XCConfigurationList;
			buildConfigurations = (
				CC83E3301D06103F000573B1 /* Debug */,
				CC83E3311D06103F000573B1 /* Release */,
			);
			defaultConfigurationIsVisible = 0;
			defaultConfigurationName = Release;
		};
		CC83E3321D06103F000573B1 /* Build configuration list for PBXNativeTarget "PostAgain" */ = {
			isa = XCConfigurationList;
			buildConfigurations = (
				CC83E3331D06103F000573B1 /* Debug */,
				CC83E3341D06103F000573B1 /* Release */,
			);
			defaultConfigurationIsVisible = 0;
		};
/* End XCConfigurationList section */
	};
	rootObject = CC83E3181D06103F000573B1 /* Project object */;
}
